# This file is automatically @generated by Cargo.
# It is not intended for manual editing.
version = 4

[[package]]
name = "cli"
version = "0.1.0"
dependencies = [
 "platform-win",
 "rustcapture-core",
]

[[package]]
name = "gui"
version = "0.1.0"
dependencies = [
 "platform-win",
 "rustcapture-core",
]

[[package]]
name = "platform-win"
version = "0.1.0"
dependencies = [
 "rustcapture-core",
]

[[package]]
name = "rustcapture-core"
version = "0.1.0"
